
Microsoft Visual Studio Solution File, Format Version 12.00
# Visual Studio Version 17
VisualStudioVersion = 17.3.32929.385
MinimumVisualStudioVersion = 10.0.40219.1
Project("{FAE04EC0-301F-11D3-BF4B-00C04F79EFBC}") = "AIM_PROJESİ", "AIM_PROJESİ\AIM_PROJESİ.csproj", "{B3E0701D-C667-47A6-A8A3-73B801AA5144}"
EndProject
Global
	GlobalSection(SolutionConfigurationPlatforms) = preSolution
		Debug|Any CPU = Debug|Any CPU
		Release|Any CPU = Release|Any CPU
	EndGlobalSection
	GlobalSection(ProjectConfigurationPlatforms) = postSolution
		{B3E0701D-C667-47A6-A8A3-73B801AA5144}.Debug|Any CPU.ActiveCfg = Debug|Any CPU
		{B3E0701D-C667-47A6-A8A3-73B801AA5144}.Debug|Any CPU.Build.0 = Debug|Any CPU
		{B3E0701D-C667-47A6-A8A3-73B801AA5144}.Release|Any CPU.ActiveCfg = Release|Any CPU
		{B3E0701D-C667-47A6-A8A3-73B801AA5144}.Release|Any CPU.Build.0 = Release|Any CPU
	EndGlobalSection
	GlobalSection(SolutionProperties) = preSolution
		HideSolutionNode = FALSE
	EndGlobalSection
	GlobalSection(ExtensibilityGlobals) = postSolution
		SolutionGuid = {1BEE97D9-2979-4260-9B12-100302A1D464}
	EndGlobalSection
EndGlobal
